
Microsoft Visual Studio Solution File, Format Version 12.00
# Visual Studio Version 16
VisualStudioVersion = 16.0.30011.22
MinimumVisualStudioVersion = 10.0.40219.1
Project("{2150E333-8FDC-42A3-9474-1A3956D46DE8}") = "BoundedContexts", "BoundedContexts", "{EF709509-4930-4E1D-9032-B94383BE8A06}"
EndProject
Project("{2150E333-8FDC-42A3-9474-1A3956D46DE8}") = "Magazyn", "Magazyn", "{E0540A07-E08A-4322-803E-7BBD07237D21}"
EndProject
Project("{FAE04EC0-301F-11D3-BF4B-00C04F79EFBC}") = "Domain", "Domain\Domain.csproj", "{A37F31A2-40B6-4780-A1E6-443C82386775}"
EndProject
Project("{9A19103F-16F7-4668-BE54-9A1E7A4F7556}") = "Infrastrusture", "Infrastrusture\Infrastrusture.csproj", "{68F18DC0-5621-45B2-B09A-2A2C921F92B3}"
EndProject
Project("{FAE04EC0-301F-11D3-BF4B-00C04F79EFBC}") = "Application", "Application\Application.csproj", "{D4DD15EC-C212-4179-A507-D16A0A188E67}"
EndProject
Global
	GlobalSection(SolutionConfigurationPlatforms) = preSolution
		Debug|Any CPU = Debug|Any CPU
		Debug|ARM = Debug|ARM
		Debug|ARM64 = Debug|ARM64
		Debug|x64 = Debug|x64
		Debug|x86 = Debug|x86
		Release|Any CPU = Release|Any CPU
		Release|ARM = Release|ARM
		Release|ARM64 = Release|ARM64
		Release|x64 = Release|x64
		Release|x86 = Release|x86
	EndGlobalSection
	GlobalSection(ProjectConfigurationPlatforms) = postSolution
		{A37F31A2-40B6-4780-A1E6-443C82386775}.Debug|Any CPU.ActiveCfg = Debug|Any CPU
		{A37F31A2-40B6-4780-A1E6-443C82386775}.Debug|Any CPU.Build.0 = Debug|Any CPU
		{A37F31A2-40B6-4780-A1E6-443C82386775}.Debug|ARM.ActiveCfg = Debug|Any CPU
		{A37F31A2-40B6-4780-A1E6-443C82386775}.Debug|ARM.Build.0 = Debug|Any CPU
		{A37F31A2-40B6-4780-A1E6-443C82386775}.Debug|ARM64.ActiveCfg = Debug|Any CPU
		{A37F31A2-40B6-4780-A1E6-443C82386775}.Debug|ARM64.Build.0 = Debug|Any CPU
		{A37F31A2-40B6-4780-A1E6-443C82386775}.Debug|x64.ActiveCfg = Debug|Any CPU
		{A37F31A2-40B6-4780-A1E6-443C82386775}.Debug|x64.Build.0 = Debug|Any CPU
		{A37F31A2-40B6-4780-A1E6-443C82386775}.Debug|x86.ActiveCfg = Debug|Any CPU
		{A37F31A2-40B6-4780-A1E6-443C82386775}.Debug|x86.Build.0 = Debug|Any CPU
		{A37F31A2-40B6-4780-A1E6-443C82386775}.Release|Any CPU.ActiveCfg = Release|Any CPU
		{A37F31A2-40B6-4780-A1E6-443C82386775}.Release|Any CPU.Build.0 = Release|Any CPU
		{A37F31A2-40B6-4780-A1E6-443C82386775}.Release|ARM.ActiveCfg = Release|Any CPU
		{A37F31A2-40B6-4780-A1E6-443C82386775}.Release|ARM.Build.0 = Release|Any CPU
		{A37F31A2-40B6-4780-A1E6-443C82386775}.Release|ARM64.ActiveCfg = Release|Any CPU
		{A37F31A2-40B6-4780-A1E6-443C82386775}.Release|ARM64.Build.0 = Release|Any CPU
		{A37F31A2-40B6-4780-A1E6-443C82386775}.Release|x64.ActiveCfg = Release|Any CPU
		{A37F31A2-40B6-4780-A1E6-443C82386775}.Release|x64.Build.0 = Release|Any CPU
		{A37F31A2-40B6-4780-A1E6-443C82386775}.Release|x86.ActiveCfg = Release|Any CPU
		{A37F31A2-40B6-4780-A1E6-443C82386775}.Release|x86.Build.0 = Release|Any CPU
		{68F18DC0-5621-45B2-B09A-2A2C921F92B3}.Debug|Any CPU.ActiveCfg = Debug|Any CPU
		{68F18DC0-5621-45B2-B09A-2A2C921F92B3}.Debug|Any CPU.Build.0 = Debug|Any CPU
		{68F18DC0-5621-45B2-B09A-2A2C921F92B3}.Debug|ARM.ActiveCfg = Debug|Any CPU
		{68F18DC0-5621-45B2-B09A-2A2C921F92B3}.Debug|ARM.Build.0 = Debug|Any CPU
		{68F18DC0-5621-45B2-B09A-2A2C921F92B3}.Debug|ARM64.ActiveCfg = Debug|Any CPU
		{68F18DC0-5621-45B2-B09A-2A2C921F92B3}.Debug|ARM64.Build.0 = Debug|Any CPU
		{68F18DC0-5621-45B2-B09A-2A2C921F92B3}.Debug|x64.ActiveCfg = Debug|Any CPU
		{68F18DC0-5621-45B2-B09A-2A2C921F92B3}.Debug|x64.Build.0 = Debug|Any CPU
		{68F18DC0-5621-45B2-B09A-2A2C921F92B3}.Debug|x86.ActiveCfg = Debug|Any CPU
		{68F18DC0-5621-45B2-B09A-2A2C921F92B3}.Debug|x86.Build.0 = Debug|Any CPU
		{68F18DC0-5621-45B2-B09A-2A2C921F92B3}.Release|Any CPU.ActiveCfg = Release|Any CPU
		{68F18DC0-5621-45B2-B09A-2A2C921F92B3}.Release|Any CPU.Build.0 = Release|Any CPU
		{68F18DC0-5621-45B2-B09A-2A2C921F92B3}.Release|ARM.ActiveCfg = Release|Any CPU
		{68F18DC0-5621-45B2-B09A-2A2C921F92B3}.Release|ARM.Build.0 = Release|Any CPU
		{68F18DC0-5621-45B2-B09A-2A2C921F92B3}.Release|ARM64.ActiveCfg = Release|Any CPU
		{68F18DC0-5621-45B2-B09A-2A2C921F92B3}.Release|ARM64.Build.0 = Release|Any CPU
		{68F18DC0-5621-45B2-B09A-2A2C921F92B3}.Release|x64.ActiveCfg = Release|Any CPU
		{68F18DC0-5621-45B2-B09A-2A2C921F92B3}.Release|x64.Build.0 = Release|Any CPU
		{68F18DC0-5621-45B2-B09A-2A2C921F92B3}.Release|x86.ActiveCfg = Release|Any CPU
		{68F18DC0-5621-45B2-B09A-2A2C921F92B3}.Release|x86.Build.0 = Release|Any CPU
		{D4DD15EC-C212-4179-A507-D16A0A188E67}.Debug|Any CPU.ActiveCfg = Debug|Any CPU
		{D4DD15EC-C212-4179-A507-D16A0A188E67}.Debug|Any CPU.Build.0 = Debug|Any CPU
		{D4DD15EC-C212-4179-A507-D16A0A188E67}.Debug|ARM.ActiveCfg = Debug|Any CPU
		{D4DD15EC-C212-4179-A507-D16A0A188E67}.Debug|ARM.Build.0 = Debug|Any CPU
		{D4DD15EC-C212-4179-A507-D16A0A188E67}.Debug|ARM64.ActiveCfg = Debug|Any CPU
		{D4DD15EC-C212-4179-A507-D16A0A188E67}.Debug|ARM64.Build.0 = Debug|Any CPU
		{D4DD15EC-C212-4179-A507-D16A0A188E67}.Debug|x64.ActiveCfg = Debug|Any CPU
		{D4DD15EC-C212-4179-A507-D16A0A188E67}.Debug|x64.Build.0 = Debug|Any CPU
		{D4DD15EC-C212-4179-A507-D16A0A188E67}.Debug|x86.ActiveCfg = Debug|Any CPU
		{D4DD15EC-C212-4179-A507-D16A0A188E67}.Debug|x86.Build.0 = Debug|Any CPU
		{D4DD15EC-C212-4179-A507-D16A0A188E67}.Release|Any CPU.ActiveCfg = Release|Any CPU
		{D4DD15EC-C212-4179-A507-D16A0A188E67}.Release|Any CPU.Build.0 = Release|Any CPU
		{D4DD15EC-C212-4179-A507-D16A0A188E67}.Release|ARM.ActiveCfg = Release|Any CPU
		{D4DD15EC-C212-4179-A507-D16A0A188E67}.Release|ARM.Build.0 = Release|Any CPU
		{D4DD15EC-C212-4179-A507-D16A0A188E67}.Release|ARM64.ActiveCfg = Release|Any CPU
		{D4DD15EC-C212-4179-A507-D16A0A188E67}.Release|ARM64.Build.0 = Release|Any CPU
		{D4DD15EC-C212-4179-A507-D16A0A188E67}.Release|x64.ActiveCfg = Release|Any CPU
		{D4DD15EC-C212-4179-A507-D16A0A188E67}.Release|x64.Build.0 = Release|Any CPU
		{D4DD15EC-C212-4179-A507-D16A0A188E67}.Release|x86.ActiveCfg = Release|Any CPU
		{D4DD15EC-C212-4179-A507-D16A0A188E67}.Release|x86.Build.0 = Release|Any CPU
	EndGlobalSection
	GlobalSection(SolutionProperties) = preSolution
		HideSolutionNode = FALSE
	EndGlobalSection
	GlobalSection(NestedProjects) = preSolution
		{E0540A07-E08A-4322-803E-7BBD07237D21} = {EF709509-4930-4E1D-9032-B94383BE8A06}
		{A37F31A2-40B6-4780-A1E6-443C82386775} = {E0540A07-E08A-4322-803E-7BBD07237D21}
		{68F18DC0-5621-45B2-B09A-2A2C921F92B3} = {E0540A07-E08A-4322-803E-7BBD07237D21}
		{D4DD15EC-C212-4179-A507-D16A0A188E67} = {E0540A07-E08A-4322-803E-7BBD07237D21}
	EndGlobalSection
	GlobalSection(ExtensibilityGlobals) = postSolution
		SolutionGuid = {20D88D38-EA91-4EAF-9F02-D863E380C94A}
	EndGlobalSection
EndGlobal
