
Microsoft Visual Studio Solution File, Format Version 12.00
# Visual Studio Version 16
VisualStudioVersion = 16.0.29911.84
MinimumVisualStudioVersion = 10.0.40219.1
Project("{FAE04EC0-301F-11D3-BF4B-00C04F79EFBC}") = "zad1.1", "zad1.1\zad1.1.csproj", "{3B01DF00-2951-46F0-BC21-51913F730633}"
EndProject
Project("{FAE04EC0-301F-11D3-BF4B-00C04F79EFBC}") = "zad1.2", "zad1.2\zad1.2.csproj", "{9B809D30-8D2C-4A4E-B233-8DFFFF58FF39}"
EndProject
Global
	GlobalSection(SolutionConfigurationPlatforms) = preSolution
		Debug|Any CPU = Debug|Any CPU
		Release|Any CPU = Release|Any CPU
	EndGlobalSection
	GlobalSection(ProjectConfigurationPlatforms) = postSolution
		{3B01DF00-2951-46F0-BC21-51913F730633}.Debug|Any CPU.ActiveCfg = Debug|Any CPU
		{3B01DF00-2951-46F0-BC21-51913F730633}.Debug|Any CPU.Build.0 = Debug|Any CPU
		{3B01DF00-2951-46F0-BC21-51913F730633}.Release|Any CPU.ActiveCfg = Release|Any CPU
		{3B01DF00-2951-46F0-BC21-51913F730633}.Release|Any CPU.Build.0 = Release|Any CPU
		{9B809D30-8D2C-4A4E-B233-8DFFFF58FF39}.Debug|Any CPU.ActiveCfg = Debug|Any CPU
		{9B809D30-8D2C-4A4E-B233-8DFFFF58FF39}.Debug|Any CPU.Build.0 = Debug|Any CPU
		{9B809D30-8D2C-4A4E-B233-8DFFFF58FF39}.Release|Any CPU.ActiveCfg = Release|Any CPU
		{9B809D30-8D2C-4A4E-B233-8DFFFF58FF39}.Release|Any CPU.Build.0 = Release|Any CPU
	EndGlobalSection
	GlobalSection(SolutionProperties) = preSolution
		HideSolutionNode = FALSE
	EndGlobalSection
	GlobalSection(ExtensibilityGlobals) = postSolution
		SolutionGuid = {6502AA4A-DAB7-4D0C-BFAF-8C7AE826FA31}
	EndGlobalSection
EndGlobal
