
Microsoft Visual Studio Solution File, Format Version 12.00
# Visual Studio Version 16
VisualStudioVersion = 16.0.29911.84
MinimumVisualStudioVersion = 10.0.40219.1
Project("{7CF6DF6D-3B04-46F8-A40B-537D21BCA0B4}") = "zad1.3", "zad1.3.shfbproj", "{0DF51588-076B-4A15-9AB1-8C686CCAD815}"
EndProject
Global
	GlobalSection(SolutionConfigurationPlatforms) = preSolution
		Debug|Any CPU = Debug|Any CPU
		Release|Any CPU = Release|Any CPU
	EndGlobalSection
	GlobalSection(ProjectConfigurationPlatforms) = postSolution
		{0DF51588-076B-4A15-9AB1-8C686CCAD815}.Debug|Any CPU.ActiveCfg = Debug|Any CPU
		{0DF51588-076B-4A15-9AB1-8C686CCAD815}.Debug|Any CPU.Build.0 = Debug|Any CPU
		{0DF51588-076B-4A15-9AB1-8C686CCAD815}.Release|Any CPU.ActiveCfg = Release|Any CPU
		{0DF51588-076B-4A15-9AB1-8C686CCAD815}.Release|Any CPU.Build.0 = Release|Any CPU
	EndGlobalSection
	GlobalSection(SolutionProperties) = preSolution
		HideSolutionNode = FALSE
	EndGlobalSection
	GlobalSection(ExtensibilityGlobals) = postSolution
		SolutionGuid = {EE2D6BAD-08C2-472D-8045-01FEDA2D73CB}
	EndGlobalSection
EndGlobal
